
Microsoft Visual Studio Solution File, Format Version 12.00
# Visual Studio Version 17
VisualStudioVersion = 17.5.002.0
MinimumVisualStudioVersion = 10.0.40219.1
Project("{2150E333-8FDC-42A3-9474-1A3956D46DE8}") = "Finished", "Finished", "{171F59A4-20A6-4657-8BF9-8DB8B2914AB9}"
EndProject
Project("{2150E333-8FDC-42A3-9474-1A3956D46DE8}") = "Delegates", "Delegates", "{14E7F564-C6BA-4014-8986-B0880941B2A7}"
EndProject
Project("{9A19103F-16F7-4668-BE54-9A1E7A4F7556}") = "AnonymousDelegates", "Finished\Delegates\AnonymousDelegates\AnonymousDelegates.csproj", "{4F3BD810-7BA5-4C71-B1E4-C9B6B2041A70}"
EndProject
Project("{9A19103F-16F7-4668-BE54-9A1E7A4F7556}") = "BasicDelegates", "Finished\Delegates\BasicDelegates\BasicDelegates.csproj", "{7D71C087-F62C-4C69-9AAD-38150053A8FB}"
EndProject
Project("{9A19103F-16F7-4668-BE54-9A1E7A4F7556}") = "Composable", "Finished\Delegates\Composable\Composable.csproj", "{88FBE848-F1F5-40F2-AAE0-F51D5958203B}"
EndProject
Project("{9A19103F-16F7-4668-BE54-9A1E7A4F7556}") = "Composable2", "Finished\Delegates\Composable2\Composable2.csproj", "{E50C1EED-E488-4991-A00D-6FCAA0ACD9FA}"
EndProject
Project("{9A19103F-16F7-4668-BE54-9A1E7A4F7556}") = "DelegatesSolution", "Finished\Delegates\DelegatesSolution\DelegatesSolution.csproj", "{B07A3954-AAF4-42E0-92EC-210CAFF88F45}"
EndProject
Project("{2150E333-8FDC-42A3-9474-1A3956D46DE8}") = "Events", "Events", "{E51E83C6-AB2B-4B8D-A7BD-B53B482E8107}"
EndProject
Project("{9A19103F-16F7-4668-BE54-9A1E7A4F7556}") = "BasicEvents", "Finished\Events\BasicEvents\BasicEvents.csproj", "{A0626D83-1959-4C44-B2E2-E2DD2B8CB4DA}"
EndProject
Project("{9A19103F-16F7-4668-BE54-9A1E7A4F7556}") = "ChainedEvents", "Finished\Events\ChainedEvents\ChainedEvents.csproj", "{D5E142A7-BBD8-4470-B37F-B76EE313E965}"
EndProject
Project("{9A19103F-16F7-4668-BE54-9A1E7A4F7556}") = "EventsSolution", "Finished\Events\EventsSolution\EventsSolution.csproj", "{BC1B709C-1A6D-4786-A668-DF68AF7FC20F}"
EndProject
Project("{2150E333-8FDC-42A3-9474-1A3956D46DE8}") = "Lambdas", "Lambdas", "{C5B1E655-21E4-4595-802D-1A781661A54E}"
EndProject
Project("{9A19103F-16F7-4668-BE54-9A1E7A4F7556}") = "BasicLambdas", "Finished\Lambdas\BasicLambdas\BasicLambdas.csproj", "{CDF83302-32B5-4798-9A1B-EB7F9473423C}"
EndProject
Project("{9A19103F-16F7-4668-BE54-9A1E7A4F7556}") = "LambdaDelegates", "Finished\Lambdas\LambdaDelegates\LambdaDelegates.csproj", "{3A54D939-78E6-49DB-808A-8FF14D2C190A}"
EndProject
Project("{9A19103F-16F7-4668-BE54-9A1E7A4F7556}") = "LambdasSolution", "Finished\Lambdas\LambdasSolution\LambdasSolution.csproj", "{F4B38D4E-A898-4DBF-8367-BCA9708CB1B2}"
EndProject
Project("{2150E333-8FDC-42A3-9474-1A3956D46DE8}") = "Start", "Start", "{4C574C9F-B99D-4B63-B864-0A8FD483D960}"
EndProject
Project("{2150E333-8FDC-42A3-9474-1A3956D46DE8}") = "Delegates", "Delegates", "{048CB807-A063-4BF6-9345-4EDB3401CCC0}"
EndProject
Project("{9A19103F-16F7-4668-BE54-9A1E7A4F7556}") = "AnonymousDelegates", "Start\Delegates\AnonymousDelegates\AnonymousDelegates.csproj", "{235B35A8-2A1D-4EAB-B011-C3A1DE0A155D}"
EndProject
Project("{9A19103F-16F7-4668-BE54-9A1E7A4F7556}") = "BasicDelegates", "Start\Delegates\BasicDelegates\BasicDelegates.csproj", "{3F471491-57FB-4A16-A1DF-BF856A6C21D1}"
EndProject
Project("{9A19103F-16F7-4668-BE54-9A1E7A4F7556}") = "Composable", "Start\Delegates\Composable\Composable.csproj", "{5FA67FE7-6B20-43CA-B479-8E6FE8C22E79}"
EndProject
Project("{9A19103F-16F7-4668-BE54-9A1E7A4F7556}") = "Composable2", "Start\Delegates\Composable2\Composable2.csproj", "{91671892-80C8-4F6F-AB78-0D03D8C75FA6}"
EndProject
Project("{9A19103F-16F7-4668-BE54-9A1E7A4F7556}") = "DelegatesSolution", "Start\Delegates\DelegatesSolution\DelegatesSolution.csproj", "{A4CAB9DB-48EC-4A4E-9881-94EA55BD1D5B}"
EndProject
Project("{2150E333-8FDC-42A3-9474-1A3956D46DE8}") = "Events", "Events", "{E79B4389-5CE2-49C4-B934-A4E2E1703DBF}"
EndProject
Project("{9A19103F-16F7-4668-BE54-9A1E7A4F7556}") = "BasicEvents", "Start\Events\BasicEvents\BasicEvents.csproj", "{86BD9295-9106-493F-BF53-8D9407397E88}"
EndProject
Project("{9A19103F-16F7-4668-BE54-9A1E7A4F7556}") = "ChainedEvents", "Start\Events\ChainedEvents\ChainedEvents.csproj", "{40A142EF-FBF3-4257-8945-6E32BFD94C1A}"
EndProject
Project("{9A19103F-16F7-4668-BE54-9A1E7A4F7556}") = "EventsSolution", "Start\Events\EventsSolution\EventsSolution.csproj", "{A78FF780-EFE8-41E4-8051-5783A1609981}"
EndProject
Project("{2150E333-8FDC-42A3-9474-1A3956D46DE8}") = "Lambdas", "Lambdas", "{606536D6-D483-42EC-9E0F-45E24B4CF008}"
EndProject
Project("{9A19103F-16F7-4668-BE54-9A1E7A4F7556}") = "BasicLambdas", "Start\Lambdas\BasicLambdas\BasicLambdas.csproj", "{EAE8173C-4D42-47C3-B943-4465E55DBBA3}"
EndProject
Project("{9A19103F-16F7-4668-BE54-9A1E7A4F7556}") = "LambdaDelegates", "Start\Lambdas\LambdaDelegates\LambdaDelegates.csproj", "{D08C5520-82CB-42D5-9D22-6AA7B90CFDFB}"
EndProject
Project("{9A19103F-16F7-4668-BE54-9A1E7A4F7556}") = "LambdasSolution", "Start\Lambdas\LambdasSolution\LambdasSolution.csproj", "{E059C846-6B96-4E6F-872F-8F22C0CDAEE4}"
EndProject
Global
	GlobalSection(SolutionConfigurationPlatforms) = preSolution
		Debug|Any CPU = Debug|Any CPU
		Release|Any CPU = Release|Any CPU
	EndGlobalSection
	GlobalSection(ProjectConfigurationPlatforms) = postSolution
		{4F3BD810-7BA5-4C71-B1E4-C9B6B2041A70}.Debug|Any CPU.ActiveCfg = Debug|Any CPU
		{4F3BD810-7BA5-4C71-B1E4-C9B6B2041A70}.Debug|Any CPU.Build.0 = Debug|Any CPU
		{4F3BD810-7BA5-4C71-B1E4-C9B6B2041A70}.Release|Any CPU.ActiveCfg = Release|Any CPU
		{4F3BD810-7BA5-4C71-B1E4-C9B6B2041A70}.Release|Any CPU.Build.0 = Release|Any CPU
		{7D71C087-F62C-4C69-9AAD-38150053A8FB}.Debug|Any CPU.ActiveCfg = Debug|Any CPU
		{7D71C087-F62C-4C69-9AAD-38150053A8FB}.Debug|Any CPU.Build.0 = Debug|Any CPU
		{7D71C087-F62C-4C69-9AAD-38150053A8FB}.Release|Any CPU.ActiveCfg = Release|Any CPU
		{7D71C087-F62C-4C69-9AAD-38150053A8FB}.Release|Any CPU.Build.0 = Release|Any CPU
		{88FBE848-F1F5-40F2-AAE0-F51D5958203B}.Debug|Any CPU.ActiveCfg = Debug|Any CPU
		{88FBE848-F1F5-40F2-AAE0-F51D5958203B}.Debug|Any CPU.Build.0 = Debug|Any CPU
		{88FBE848-F1F5-40F2-AAE0-F51D5958203B}.Release|Any CPU.ActiveCfg = Release|Any CPU
		{88FBE848-F1F5-40F2-AAE0-F51D5958203B}.Release|Any CPU.Build.0 = Release|Any CPU
		{E50C1EED-E488-4991-A00D-6FCAA0ACD9FA}.Debug|Any CPU.ActiveCfg = Debug|Any CPU
		{E50C1EED-E488-4991-A00D-6FCAA0ACD9FA}.Debug|Any CPU.Build.0 = Debug|Any CPU
		{E50C1EED-E488-4991-A00D-6FCAA0ACD9FA}.Release|Any CPU.ActiveCfg = Release|Any CPU
		{E50C1EED-E488-4991-A00D-6FCAA0ACD9FA}.Release|Any CPU.Build.0 = Release|Any CPU
		{B07A3954-AAF4-42E0-92EC-210CAFF88F45}.Debug|Any CPU.ActiveCfg = Debug|Any CPU
		{B07A3954-AAF4-42E0-92EC-210CAFF88F45}.Debug|Any CPU.Build.0 = Debug|Any CPU
		{B07A3954-AAF4-42E0-92EC-210CAFF88F45}.Release|Any CPU.ActiveCfg = Release|Any CPU
		{B07A3954-AAF4-42E0-92EC-210CAFF88F45}.Release|Any CPU.Build.0 = Release|Any CPU
		{A0626D83-1959-4C44-B2E2-E2DD2B8CB4DA}.Debug|Any CPU.ActiveCfg = Debug|Any CPU
		{A0626D83-1959-4C44-B2E2-E2DD2B8CB4DA}.Debug|Any CPU.Build.0 = Debug|Any CPU
		{A0626D83-1959-4C44-B2E2-E2DD2B8CB4DA}.Release|Any CPU.ActiveCfg = Release|Any CPU
		{A0626D83-1959-4C44-B2E2-E2DD2B8CB4DA}.Release|Any CPU.Build.0 = Release|Any CPU
		{D5E142A7-BBD8-4470-B37F-B76EE313E965}.Debug|Any CPU.ActiveCfg = Debug|Any CPU
		{D5E142A7-BBD8-4470-B37F-B76EE313E965}.Debug|Any CPU.Build.0 = Debug|Any CPU
		{D5E142A7-BBD8-4470-B37F-B76EE313E965}.Release|Any CPU.ActiveCfg = Release|Any CPU
		{D5E142A7-BBD8-4470-B37F-B76EE313E965}.Release|Any CPU.Build.0 = Release|Any CPU
		{BC1B709C-1A6D-4786-A668-DF68AF7FC20F}.Debug|Any CPU.ActiveCfg = Debug|Any CPU
		{BC1B709C-1A6D-4786-A668-DF68AF7FC20F}.Debug|Any CPU.Build.0 = Debug|Any CPU
		{BC1B709C-1A6D-4786-A668-DF68AF7FC20F}.Release|Any CPU.ActiveCfg = Release|Any CPU
		{BC1B709C-1A6D-4786-A668-DF68AF7FC20F}.Release|Any CPU.Build.0 = Release|Any CPU
		{CDF83302-32B5-4798-9A1B-EB7F9473423C}.Debug|Any CPU.ActiveCfg = Debug|Any CPU
		{CDF83302-32B5-4798-9A1B-EB7F9473423C}.Debug|Any CPU.Build.0 = Debug|Any CPU
		{CDF83302-32B5-4798-9A1B-EB7F9473423C}.Release|Any CPU.ActiveCfg = Release|Any CPU
		{CDF83302-32B5-4798-9A1B-EB7F9473423C}.Release|Any CPU.Build.0 = Release|Any CPU
		{3A54D939-78E6-49DB-808A-8FF14D2C190A}.Debug|Any CPU.ActiveCfg = Debug|Any CPU
		{3A54D939-78E6-49DB-808A-8FF14D2C190A}.Debug|Any CPU.Build.0 = Debug|Any CPU
		{3A54D939-78E6-49DB-808A-8FF14D2C190A}.Release|Any CPU.ActiveCfg = Release|Any CPU
		{3A54D939-78E6-49DB-808A-8FF14D2C190A}.Release|Any CPU.Build.0 = Release|Any CPU
		{F4B38D4E-A898-4DBF-8367-BCA9708CB1B2}.Debug|Any CPU.ActiveCfg = Debug|Any CPU
		{F4B38D4E-A898-4DBF-8367-BCA9708CB1B2}.Debug|Any CPU.Build.0 = Debug|Any CPU
		{F4B38D4E-A898-4DBF-8367-BCA9708CB1B2}.Release|Any CPU.ActiveCfg = Release|Any CPU
		{F4B38D4E-A898-4DBF-8367-BCA9708CB1B2}.Release|Any CPU.Build.0 = Release|Any CPU
		{235B35A8-2A1D-4EAB-B011-C3A1DE0A155D}.Debug|Any CPU.ActiveCfg = Debug|Any CPU
		{235B35A8-2A1D-4EAB-B011-C3A1DE0A155D}.Debug|Any CPU.Build.0 = Debug|Any CPU
		{235B35A8-2A1D-4EAB-B011-C3A1DE0A155D}.Release|Any CPU.ActiveCfg = Release|Any CPU
		{235B35A8-2A1D-4EAB-B011-C3A1DE0A155D}.Release|Any CPU.Build.0 = Release|Any CPU
		{3F471491-57FB-4A16-A1DF-BF856A6C21D1}.Debug|Any CPU.ActiveCfg = Debug|Any CPU
		{3F471491-57FB-4A16-A1DF-BF856A6C21D1}.Debug|Any CPU.Build.0 = Debug|Any CPU
		{3F471491-57FB-4A16-A1DF-BF856A6C21D1}.Release|Any CPU.ActiveCfg = Release|Any CPU
		{3F471491-57FB-4A16-A1DF-BF856A6C21D1}.Release|Any CPU.Build.0 = Release|Any CPU
		{5FA67FE7-6B20-43CA-B479-8E6FE8C22E79}.Debug|Any CPU.ActiveCfg = Debug|Any CPU
		{5FA67FE7-6B20-43CA-B479-8E6FE8C22E79}.Debug|Any CPU.Build.0 = Debug|Any CPU
		{5FA67FE7-6B20-43CA-B479-8E6FE8C22E79}.Release|Any CPU.ActiveCfg = Release|Any CPU
		{5FA67FE7-6B20-43CA-B479-8E6FE8C22E79}.Release|Any CPU.Build.0 = Release|Any CPU
		{91671892-80C8-4F6F-AB78-0D03D8C75FA6}.Debug|Any CPU.ActiveCfg = Debug|Any CPU
		{91671892-80C8-4F6F-AB78-0D03D8C75FA6}.Debug|Any CPU.Build.0 = Debug|Any CPU
		{91671892-80C8-4F6F-AB78-0D03D8C75FA6}.Release|Any CPU.ActiveCfg = Release|Any CPU
		{91671892-80C8-4F6F-AB78-0D03D8C75FA6}.Release|Any CPU.Build.0 = Release|Any CPU
		{A4CAB9DB-48EC-4A4E-9881-94EA55BD1D5B}.Debug|Any CPU.ActiveCfg = Debug|Any CPU
		{A4CAB9DB-48EC-4A4E-9881-94EA55BD1D5B}.Debug|Any CPU.Build.0 = Debug|Any CPU
		{A4CAB9DB-48EC-4A4E-9881-94EA55BD1D5B}.Release|Any CPU.ActiveCfg = Release|Any CPU
		{A4CAB9DB-48EC-4A4E-9881-94EA55BD1D5B}.Release|Any CPU.Build.0 = Release|Any CPU
		{86BD9295-9106-493F-BF53-8D9407397E88}.Debug|Any CPU.ActiveCfg = Debug|Any CPU
		{86BD9295-9106-493F-BF53-8D9407397E88}.Debug|Any CPU.Build.0 = Debug|Any CPU
		{86BD9295-9106-493F-BF53-8D9407397E88}.Release|Any CPU.ActiveCfg = Release|Any CPU
		{86BD9295-9106-493F-BF53-8D9407397E88}.Release|Any CPU.Build.0 = Release|Any CPU
		{40A142EF-FBF3-4257-8945-6E32BFD94C1A}.Debug|Any CPU.ActiveCfg = Debug|Any CPU
		{40A142EF-FBF3-4257-8945-6E32BFD94C1A}.Debug|Any CPU.Build.0 = Debug|Any CPU
		{40A142EF-FBF3-4257-8945-6E32BFD94C1A}.Release|Any CPU.ActiveCfg = Release|Any CPU
		{40A142EF-FBF3-4257-8945-6E32BFD94C1A}.Release|Any CPU.Build.0 = Release|Any CPU
		{A78FF780-EFE8-41E4-8051-5783A1609981}.Debug|Any CPU.ActiveCfg = Debug|Any CPU
		{A78FF780-EFE8-41E4-8051-5783A1609981}.Debug|Any CPU.Build.0 = Debug|Any CPU
		{A78FF780-EFE8-41E4-8051-5783A1609981}.Release|Any CPU.ActiveCfg = Release|Any CPU
		{A78FF780-EFE8-41E4-8051-5783A1609981}.Release|Any CPU.Build.0 = Release|Any CPU
		{EAE8173C-4D42-47C3-B943-4465E55DBBA3}.Debug|Any CPU.ActiveCfg = Debug|Any CPU
		{EAE8173C-4D42-47C3-B943-4465E55DBBA3}.Debug|Any CPU.Build.0 = Debug|Any CPU
		{EAE8173C-4D42-47C3-B943-4465E55DBBA3}.Release|Any CPU.ActiveCfg = Release|Any CPU
		{EAE8173C-4D42-47C3-B943-4465E55DBBA3}.Release|Any CPU.Build.0 = Release|Any CPU
		{D08C5520-82CB-42D5-9D22-6AA7B90CFDFB}.Debug|Any CPU.ActiveCfg = Debug|Any CPU
		{D08C5520-82CB-42D5-9D22-6AA7B90CFDFB}.Debug|Any CPU.Build.0 = Debug|Any CPU
		{D08C5520-82CB-42D5-9D22-6AA7B90CFDFB}.Release|Any CPU.ActiveCfg = Release|Any CPU
		{D08C5520-82CB-42D5-9D22-6AA7B90CFDFB}.Release|Any CPU.Build.0 = Release|Any CPU
		{E059C846-6B96-4E6F-872F-8F22C0CDAEE4}.Debug|Any CPU.ActiveCfg = Debug|Any CPU
		{E059C846-6B96-4E6F-872F-8F22C0CDAEE4}.Debug|Any CPU.Build.0 = Debug|Any CPU
		{E059C846-6B96-4E6F-872F-8F22C0CDAEE4}.Release|Any CPU.ActiveCfg = Release|Any CPU
		{E059C846-6B96-4E6F-872F-8F22C0CDAEE4}.Release|Any CPU.Build.0 = Release|Any CPU
	EndGlobalSection
	GlobalSection(SolutionProperties) = preSolution
		HideSolutionNode = FALSE
	EndGlobalSection
	GlobalSection(NestedProjects) = preSolution
		{14E7F564-C6BA-4014-8986-B0880941B2A7} = {171F59A4-20A6-4657-8BF9-8DB8B2914AB9}
		{4F3BD810-7BA5-4C71-B1E4-C9B6B2041A70} = {14E7F564-C6BA-4014-8986-B0880941B2A7}
		{7D71C087-F62C-4C69-9AAD-38150053A8FB} = {14E7F564-C6BA-4014-8986-B0880941B2A7}
		{88FBE848-F1F5-40F2-AAE0-F51D5958203B} = {14E7F564-C6BA-4014-8986-B0880941B2A7}
		{E50C1EED-E488-4991-A00D-6FCAA0ACD9FA} = {14E7F564-C6BA-4014-8986-B0880941B2A7}
		{B07A3954-AAF4-42E0-92EC-210CAFF88F45} = {14E7F564-C6BA-4014-8986-B0880941B2A7}
		{E51E83C6-AB2B-4B8D-A7BD-B53B482E8107} = {171F59A4-20A6-4657-8BF9-8DB8B2914AB9}
		{A0626D83-1959-4C44-B2E2-E2DD2B8CB4DA} = {E51E83C6-AB2B-4B8D-A7BD-B53B482E8107}
		{D5E142A7-BBD8-4470-B37F-B76EE313E965} = {E51E83C6-AB2B-4B8D-A7BD-B53B482E8107}
		{BC1B709C-1A6D-4786-A668-DF68AF7FC20F} = {E51E83C6-AB2B-4B8D-A7BD-B53B482E8107}
		{C5B1E655-21E4-4595-802D-1A781661A54E} = {171F59A4-20A6-4657-8BF9-8DB8B2914AB9}
		{CDF83302-32B5-4798-9A1B-EB7F9473423C} = {C5B1E655-21E4-4595-802D-1A781661A54E}
		{3A54D939-78E6-49DB-808A-8FF14D2C190A} = {C5B1E655-21E4-4595-802D-1A781661A54E}
		{F4B38D4E-A898-4DBF-8367-BCA9708CB1B2} = {C5B1E655-21E4-4595-802D-1A781661A54E}
		{048CB807-A063-4BF6-9345-4EDB3401CCC0} = {4C574C9F-B99D-4B63-B864-0A8FD483D960}
		{235B35A8-2A1D-4EAB-B011-C3A1DE0A155D} = {048CB807-A063-4BF6-9345-4EDB3401CCC0}
		{3F471491-57FB-4A16-A1DF-BF856A6C21D1} = {048CB807-A063-4BF6-9345-4EDB3401CCC0}
		{5FA67FE7-6B20-43CA-B479-8E6FE8C22E79} = {048CB807-A063-4BF6-9345-4EDB3401CCC0}
		{91671892-80C8-4F6F-AB78-0D03D8C75FA6} = {048CB807-A063-4BF6-9345-4EDB3401CCC0}
		{A4CAB9DB-48EC-4A4E-9881-94EA55BD1D5B} = {048CB807-A063-4BF6-9345-4EDB3401CCC0}
		{E79B4389-5CE2-49C4-B934-A4E2E1703DBF} = {4C574C9F-B99D-4B63-B864-0A8FD483D960}
		{86BD9295-9106-493F-BF53-8D9407397E88} = {E79B4389-5CE2-49C4-B934-A4E2E1703DBF}
		{40A142EF-FBF3-4257-8945-6E32BFD94C1A} = {E79B4389-5CE2-49C4-B934-A4E2E1703DBF}
		{A78FF780-EFE8-41E4-8051-5783A1609981} = {E79B4389-5CE2-49C4-B934-A4E2E1703DBF}
		{606536D6-D483-42EC-9E0F-45E24B4CF008} = {4C574C9F-B99D-4B63-B864-0A8FD483D960}
		{EAE8173C-4D42-47C3-B943-4465E55DBBA3} = {606536D6-D483-42EC-9E0F-45E24B4CF008}
		{D08C5520-82CB-42D5-9D22-6AA7B90CFDFB} = {606536D6-D483-42EC-9E0F-45E24B4CF008}
		{E059C846-6B96-4E6F-872F-8F22C0CDAEE4} = {606536D6-D483-42EC-9E0F-45E24B4CF008}
	EndGlobalSection
	GlobalSection(ExtensibilityGlobals) = postSolution
		SolutionGuid = {724D51D6-7ECD-49CB-9594-8E344B77EA4F}
	EndGlobalSection
EndGlobal
